
Microsoft Visual Studio Solution File, Format Version 12.00
# Visual Studio Version 17
VisualStudioVersion = 17.3.32922.545
MinimumVisualStudioVersion = 10.0.40219.1
Project("{FAE04EC0-301F-11D3-BF4B-00C04F79EFBC}") = "VistaFormularios", "VistaFormularios\VistaFormularios.csproj", "{2CCA5BE1-23FA-4CF2-B3B3-87A3DE9F431E}"
EndProject
Project("{FAE04EC0-301F-11D3-BF4B-00C04F79EFBC}") = "Datos", "Datos\Datos.csproj", "{30B51A8D-F94D-436F-A0AC-34EBBECAF4D4}"
EndProject
Project("{FAE04EC0-301F-11D3-BF4B-00C04F79EFBC}") = "Entidades", "Entidades\Entidades.csproj", "{79D29A43-901A-4391-845B-27233D18F468}"
EndProject
Global
	GlobalSection(SolutionConfigurationPlatforms) = preSolution
		Debug|Any CPU = Debug|Any CPU
		Release|Any CPU = Release|Any CPU
	EndGlobalSection
	GlobalSection(ProjectConfigurationPlatforms) = postSolution
		{2CCA5BE1-23FA-4CF2-B3B3-87A3DE9F431E}.Debug|Any CPU.ActiveCfg = Debug|Any CPU
		{2CCA5BE1-23FA-4CF2-B3B3-87A3DE9F431E}.Debug|Any CPU.Build.0 = Debug|Any CPU
		{2CCA5BE1-23FA-4CF2-B3B3-87A3DE9F431E}.Release|Any CPU.ActiveCfg = Release|Any CPU
		{2CCA5BE1-23FA-4CF2-B3B3-87A3DE9F431E}.Release|Any CPU.Build.0 = Release|Any CPU
		{30B51A8D-F94D-436F-A0AC-34EBBECAF4D4}.Debug|Any CPU.ActiveCfg = Debug|Any CPU
		{30B51A8D-F94D-436F-A0AC-34EBBECAF4D4}.Debug|Any CPU.Build.0 = Debug|Any CPU
		{30B51A8D-F94D-436F-A0AC-34EBBECAF4D4}.Release|Any CPU.ActiveCfg = Release|Any CPU
		{30B51A8D-F94D-436F-A0AC-34EBBECAF4D4}.Release|Any CPU.Build.0 = Release|Any CPU
		{79D29A43-901A-4391-845B-27233D18F468}.Debug|Any CPU.ActiveCfg = Debug|Any CPU
		{79D29A43-901A-4391-845B-27233D18F468}.Debug|Any CPU.Build.0 = Debug|Any CPU
		{79D29A43-901A-4391-845B-27233D18F468}.Release|Any CPU.ActiveCfg = Release|Any CPU
		{79D29A43-901A-4391-845B-27233D18F468}.Release|Any CPU.Build.0 = Release|Any CPU
	EndGlobalSection
	GlobalSection(SolutionProperties) = preSolution
		HideSolutionNode = FALSE
	EndGlobalSection
	GlobalSection(ExtensibilityGlobals) = postSolution
		SolutionGuid = {8F6E1F1C-DC10-485E-BDF7-1549579C7F22}
	EndGlobalSection
EndGlobal
